// !$*UTF8*$!
{
	archiveVersion = 1;
	classes = {
	};
	objectVersion = 56;
	objects = {

/* Begin PBXBuildFile section */
		2208540B2CD25D7C00DF694D /* SinglesViewController.swift in Sources */ = {isa = PBXBuildFile; fileRef = 2208540A2CD25D7C00DF694D /* SinglesViewController.swift */; };
		2208540D2CD25D9800DF694D /* DoublesViewController.swift in Sources */ = {isa = PBXBuildFile; fileRef = 2208540C2CD25D9800DF694D /* DoublesViewController.swift */; };
		2208540F2CD25E2800DF694D /* TypeSelectViewController.swift in Sources */ = {isa = PBXBuildFile; fileRef = 2208540E2CD25E2800DF694D /* TypeSelectViewController.swift */; };
		220854112CD265EA00DF694D /* WinLoseViewController.swift in Sources */ = {isa = PBXBuildFile; fileRef = 220854102CD265EA00DF694D /* WinLoseViewController.swift */; };
		22ADE6752CD3B50900E8A287 /* SetsViewController.swift in Sources */ = {isa = PBXBuildFile; fileRef = 22ADE6742CD3B50900E8A287 /* SetsViewController.swift */; };
		22ADE6772CD3B65A00E8A287 /* WinnerViewController.swift in Sources */ = {isa = PBXBuildFile; fileRef = 22ADE6762CD3B65A00E8A287 /* WinnerViewController.swift */; };
		22C97DBD2CC924500096A6AD /* AppDelegate.swift in Sources */ = {isa = PBXBuildFile; fileRef = 22C97DBC2CC924500096A6AD /* AppDelegate.swift */; };
		22C97DBF2CC924500096A6AD /* SceneDelegate.swift in Sources */ = {isa = PBXBuildFile; fileRef = 22C97DBE2CC924500096A6AD /* SceneDelegate.swift */; };
		22C97DC12CC924500096A6AD /* ViewController.swift in Sources */ = {isa = PBXBuildFile; fileRef = 22C97DC02CC924500096A6AD /* ViewController.swift */; };
		22C97DC42CC924500096A6AD /* Base in Resources */ = {isa = PBXBuildFile; fileRef = 22C97DC32CC924500096A6AD /* Base */; };
		22C97DC72CC924500096A6AD /* TennisScoring.xcdatamodeld in Sources */ = {isa = PBXBuildFile; fileRef = 22C97DC52CC924500096A6AD /* TennisScoring.xcdatamodeld */; };
		22C97DC92CC924510096A6AD /* Assets.xcassets in Resources */ = {isa = PBXBuildFile; fileRef = 22C97DC82CC924510096A6AD /* Assets.xcassets */; };
		22C97DCC2CC924510096A6AD /* Base in Resources */ = {isa = PBXBuildFile; fileRef = 22C97DCB2CC924510096A6AD /* Base */; };
		22E92FF22CD1122200830137 /* SelectGameViewController.swift in Sources */ = {isa = PBXBuildFile; fileRef = 22E92FF12CD1122200830137 /* SelectGameViewController.swift */; };
		22E92FF42CD1140C00830137 /* InfoViewController.swift in Sources */ = {isa = PBXBuildFile; fileRef = 22E92FF32CD1140C00830137 /* InfoViewController.swift */; };
/* End PBXBuildFile section */

/* Begin PBXFileReference section */
		2208540A2CD25D7C00DF694D /* SinglesViewController.swift */ = {isa = PBXFileReference; lastKnownFileType = sourcecode.swift; path = SinglesViewController.swift; sourceTree = "<group>"; };
		2208540C2CD25D9800DF694D /* DoublesViewController.swift */ = {isa = PBXFileReference; lastKnownFileType = sourcecode.swift; path = DoublesViewController.swift; sourceTree = "<group>"; };
		2208540E2CD25E2800DF694D /* TypeSelectViewController.swift */ = {isa = PBXFileReference; lastKnownFileType = sourcecode.swift; path = TypeSelectViewController.swift; sourceTree = "<group>"; };
		220854102CD265EA00DF694D /* WinLoseViewController.swift */ = {isa = PBXFileReference; lastKnownFileType = sourcecode.swift; path = WinLoseViewController.swift; sourceTree = "<group>"; };
		22ADE6742CD3B50900E8A287 /* SetsViewController.swift */ = {isa = PBXFileReference; lastKnownFileType = sourcecode.swift; path = SetsViewController.swift; sourceTree = "<group>"; };
		22ADE6762CD3B65A00E8A287 /* WinnerViewController.swift */ = {isa = PBXFileReference; lastKnownFileType = sourcecode.swift; path = WinnerViewController.swift; sourceTree = "<group>"; };
		22C97DB92CC924500096A6AD /* TennisScoring.app */ = {isa = PBXFileReference; explicitFileType = wrapper.application; includeInIndex = 0; path = TennisScoring.app; sourceTree = BUILT_PRODUCTS_DIR; };
		22C97DBC2CC924500096A6AD /* AppDelegate.swift */ = {isa = PBXFileReference; lastKnownFileType = sourcecode.swift; path = AppDelegate.swift; sourceTree = "<group>"; };
		22C97DBE2CC924500096A6AD /* SceneDelegate.swift */ = {isa = PBXFileReference; lastKnownFileType = sourcecode.swift; path = SceneDelegate.swift; sourceTree = "<group>"; };
		22C97DC02CC924500096A6AD /* ViewController.swift */ = {isa = PBXFileReference; lastKnownFileType = sourcecode.swift; path = ViewController.swift; sourceTree = "<group>"; };
		22C97DC32CC924500096A6AD /* Base */ = {isa = PBXFileReference; lastKnownFileType = file.storyboard; name = Base; path = Base.lproj/Main.storyboard; sourceTree = "<group>"; };
		22C97DC62CC924500096A6AD /* TennisScoring.xcdatamodel */ = {isa = PBXFileReference; lastKnownFileType = wrapper.xcdatamodel; path = TennisScoring.xcdatamodel; sourceTree = "<group>"; };
		22C97DC82CC924510096A6AD /* Assets.xcassets */ = {isa = PBXFileReference; lastKnownFileType = folder.assetcatalog; path = Assets.xcassets; sourceTree = "<group>"; };
		22C97DCB2CC924510096A6AD /* Base */ = {isa = PBXFileReference; lastKnownFileType = file.storyboard; name = Base; path = Base.lproj/LaunchScreen.storyboard; sourceTree = "<group>"; };
		22C97DCD2CC924510096A6AD /* Info.plist */ = {isa = PBXFileReference; lastKnownFileType = text.plist.xml; path = Info.plist; sourceTree = "<group>"; };
		22E92FF12CD1122200830137 /* SelectGameViewController.swift */ = {isa = PBXFileReference; lastKnownFileType = sourcecode.swift; path = SelectGameViewController.swift; sourceTree = "<group>"; };
		22E92FF32CD1140C00830137 /* InfoViewController.swift */ = {isa = PBXFileReference; lastKnownFileType = sourcecode.swift; path = InfoViewController.swift; sourceTree = "<group>"; };
/* End PBXFileReference section */

/* Begin PBXFrameworksBuildPhase section */
		22C97DB62CC924500096A6AD /* Frameworks */ = {
			isa = PBXFrameworksBuildPhase;
			buildActionMask = 2147483647;
			files = (
			);
			runOnlyForDeploymentPostprocessing = 0;
		};
/* End PBXFrameworksBuildPhase section */

/* Begin PBXGroup section */
		22C97DB02CC924500096A6AD = {
			isa = PBXGroup;
			children = (
				22C97DBB2CC924500096A6AD /* TennisScoring */,
				22C97DBA2CC924500096A6AD /* Products */,
			);
			sourceTree = "<group>";
		};
		22C97DBA2CC924500096A6AD /* Products */ = {
			isa = PBXGroup;
			children = (
				22C97DB92CC924500096A6AD /* TennisScoring.app */,
			);
			name = Products;
			sourceTree = "<group>";
		};
		22C97DBB2CC924500096A6AD /* TennisScoring */ = {
			isa = PBXGroup;
			children = (
				22C97DBC2CC924500096A6AD /* AppDelegate.swift */,
				22C97DBE2CC924500096A6AD /* SceneDelegate.swift */,
				22C97DC02CC924500096A6AD /* ViewController.swift */,
				22C97DC22CC924500096A6AD /* Main.storyboard */,
				22ADE6762CD3B65A00E8A287 /* WinnerViewController.swift */,
				22ADE6742CD3B50900E8A287 /* SetsViewController.swift */,
				220854102CD265EA00DF694D /* WinLoseViewController.swift */,
				2208540E2CD25E2800DF694D /* TypeSelectViewController.swift */,
				2208540A2CD25D7C00DF694D /* SinglesViewController.swift */,
				2208540C2CD25D9800DF694D /* DoublesViewController.swift */,
				22E92FF32CD1140C00830137 /* InfoViewController.swift */,
				22E92FF12CD1122200830137 /* SelectGameViewController.swift */,
				22C97DC82CC924510096A6AD /* Assets.xcassets */,
				22C97DCA2CC924510096A6AD /* LaunchScreen.storyboard */,
				22C97DCD2CC924510096A6AD /* Info.plist */,
				22C97DC52CC924500096A6AD /* TennisScoring.xcdatamodeld */,
			);
			path = TennisScoring;
			sourceTree = "<group>";
		};
/* End PBXGroup section */

/* Begin PBXNativeTarget section */
		22C97DB82CC924500096A6AD /* TennisScoring */ = {
			isa = PBXNativeTarget;
			buildConfigurationList = 22C97DD02CC924510096A6AD /* Build configuration list for PBXNativeTarget "TennisScoring" */;
			buildPhases = (
				22C97DB52CC924500096A6AD /* Sources */,
				22C97DB62CC924500096A6AD /* Frameworks */,
				22C97DB72CC924500096A6AD /* Resources */,
			);
			buildRules = (
			);
			dependencies = (
			);
			name = TennisScoring;
			productName = TennisScoring;
			productReference = 22C97DB92CC924500096A6AD /* TennisScoring.app */;
			productType = "com.apple.product-type.application";
		};
/* End PBXNativeTarget section */

/* Begin PBXProject section */
		22C97DB12CC924500096A6AD /* Project object */ = {
			isa = PBXProject;
			attributes = {
				BuildIndependentTargetsInParallel = 1;
				LastSwiftUpdateCheck = 1540;
				LastUpgradeCheck = 1540;
				TargetAttributes = {
					22C97DB82CC924500096A6AD = {
						CreatedOnToolsVersion = 15.4;
					};
				};
			};
			buildConfigurationList = 22C97DB42CC924500096A6AD /* Build configuration list for PBXProject "TennisScoring" */;
			compatibilityVersion = "Xcode 14.0";
			developmentRegion = en;
			hasScannedForEncodings = 0;
			knownRegions = (
				en,
				Base,
			);
			mainGroup = 22C97DB02CC924500096A6AD;
			productRefGroup = 22C97DBA2CC924500096A6AD /* Products */;
			projectDirPath = "";
			projectRoot = "";
			targets = (
				22C97DB82CC924500096A6AD /* TennisScoring */,
			);
		};
/* End PBXProject section */

/* Begin PBXResourcesBuildPhase section */
		22C97DB72CC924500096A6AD /* Resources */ = {
			isa = PBXResourcesBuildPhase;
			buildActionMask = 2147483647;
			files = (
				22C97DC92CC924510096A6AD /* Assets.xcassets in Resources */,
				22C97DCC2CC924510096A6AD /* Base in Resources */,
				22C97DC42CC924500096A6AD /* Base in Resources */,
			);
			runOnlyForDeploymentPostprocessing = 0;
		};
/* End PBXResourcesBuildPhase section */

/* Begin PBXSourcesBuildPhase section */
		22C97DB52CC924500096A6AD /* Sources */ = {
			isa = PBXSourcesBuildPhase;
			buildActionMask = 2147483647;
			files = (
				22E92FF22CD1122200830137 /* SelectGameViewController.swift in Sources */,
				22C97DC72CC924500096A6AD /* TennisScoring.xcdatamodeld in Sources */,
				220854112CD265EA00DF694D /* WinLoseViewController.swift in Sources */,
				22C97DC12CC924500096A6AD /* ViewController.swift in Sources */,
				2208540D2CD25D9800DF694D /* DoublesViewController.swift in Sources */,
				2208540B2CD25D7C00DF694D /* SinglesViewController.swift in Sources */,
				22C97DBD2CC924500096A6AD /* AppDelegate.swift in Sources */,
				22ADE6752CD3B50900E8A287 /* SetsViewController.swift in Sources */,
				2208540F2CD25E2800DF694D /* TypeSelectViewController.swift in Sources */,
				22E92FF42CD1140C00830137 /* InfoViewController.swift in Sources */,
				22C97DBF2CC924500096A6AD /* SceneDelegate.swift in Sources */,
				22ADE6772CD3B65A00E8A287 /* WinnerViewController.swift in Sources */,
			);
			runOnlyForDeploymentPostprocessing = 0;
		};
/* End PBXSourcesBuildPhase section */

/* Begin PBXVariantGroup section */
		22C97DC22CC924500096A6AD /* Main.storyboard */ = {
			isa = PBXVariantGroup;
			children = (
				22C97DC32CC924500096A6AD /* Base */,
			);
			name = Main.storyboard;
			sourceTree = "<group>";
		};
		22C97DCA2CC924510096A6AD /* LaunchScreen.storyboard */ = {
			isa = PBXVariantGroup;
			children = (
				22C97DCB2CC924510096A6AD /* Base */,
			);
			name = LaunchScreen.storyboard;
			sourceTree = "<group>";
		};
/* End PBXVariantGroup section */

/* Begin XCBuildConfiguration section */
		22C97DCE2CC924510096A6AD /* Debug */ = {
			isa = XCBuildConfiguration;
			buildSettings = {
				ALWAYS_SEARCH_USER_PATHS = NO;
				ASSETCATALOG_COMPILER_GENERATE_SWIFT_ASSET_SYMBOL_EXTENSIONS = YES;
				CLANG_ANALYZER_NONNULL = YES;
				CLANG_ANALYZER_NUMBER_OBJECT_CONVERSION = YES_AGGRESSIVE;
				CLANG_CXX_LANGUAGE_STANDARD = "gnu++20";
				CLANG_ENABLE_MODULES = YES;
				CLANG_ENABLE_OBJC_ARC = YES;
				CLANG_ENABLE_OBJC_WEAK = YES;
				CLANG_WARN_BLOCK_CAPTURE_AUTORELEASING = YES;
				CLANG_WARN_BOOL_CONVERSION = YES;
				CLANG_WARN_COMMA = YES;
				CLANG_WARN_CONSTANT_CONVERSION = YES;
				CLANG_WARN_DEPRECATED_OBJC_IMPLEMENTATIONS = YES;
				CLANG_WARN_DIRECT_OBJC_ISA_USAGE = YES_ERROR;
				CLANG_WARN_DOCUMENTATION_COMMENTS = YES;
				CLANG_WARN_EMPTY_BODY = YES;
				CLANG_WARN_ENUM_CONVERSION = YES;
				CLANG_WARN_INFINITE_RECURSION = YES;
				CLANG_WARN_INT_CONVERSION = YES;
				CLANG_WARN_NON_LITERAL_NULL_CONVERSION = YES;
				CLANG_WARN_OBJC_IMPLICIT_RETAIN_SELF = YES;
				CLANG_WARN_OBJC_LITERAL_CONVERSION = YES;
				CLANG_WARN_OBJC_ROOT_CLASS = YES_ERROR;
				CLANG_WARN_QUOTED_INCLUDE_IN_FRAMEWORK_HEADER = YES;
				CLANG_WARN_RANGE_LOOP_ANALYSIS = YES;
				CLANG_WARN_STRICT_PROTOTYPES = YES;
				CLANG_WARN_SUSPICIOUS_MOVE = YES;
				CLANG_WARN_UNGUARDED_AVAILABILITY = YES_AGGRESSIVE;
				CLANG_WARN_UNREACHABLE_CODE = YES;
				CLANG_WARN__DUPLICATE_METHOD_MATCH = YES;
				COPY_PHASE_STRIP = NO;
				DEBUG_INFORMATION_FORMAT = dwarf;
				ENABLE_STRICT_OBJC_MSGSEND = YES;
				ENABLE_TESTABILITY = YES;
				ENABLE_USER_SCRIPT_SANDBOXING = YES;
				GCC_C_LANGUAGE_STANDARD = gnu17;
				GCC_DYNAMIC_NO_PIC = NO;
				GCC_NO_COMMON_BLOCKS = YES;
				GCC_OPTIMIZATION_LEVEL = 0;
				GCC_PREPROCESSOR_DEFINITIONS = (
					"DEBUG=1",
					"$(inherited)",
				);
				GCC_WARN_64_TO_32_BIT_CONVERSION = YES;
				GCC_WARN_ABOUT_RETURN_TYPE = YES_ERROR;
				GCC_WARN_UNDECLARED_SELECTOR = YES;
				GCC_WARN_UNINITIALIZED_AUTOS = YES_AGGRESSIVE;
				GCC_WARN_UNUSED_FUNCTION = YES;
				GCC_WARN_UNUSED_VARIABLE = YES;
				IPHONEOS_DEPLOYMENT_TARGET = 17.5;
				LOCALIZATION_PREFERS_STRING_CATALOGS = YES;
				MTL_ENABLE_DEBUG_INFO = INCLUDE_SOURCE;
				MTL_FAST_MATH = YES;
				ONLY_ACTIVE_ARCH = YES;
				SDKROOT = iphoneos;
				SWIFT_ACTIVE_COMPILATION_CONDITIONS = "DEBUG $(inherited)";
				SWIFT_OPTIMIZATION_LEVEL = "-Onone";
			};
			name = Debug;
		};
		22C97DCF2CC924510096A6AD /* Release */ = {
			isa = XCBuildConfiguration;
			buildSettings = {
				ALWAYS_SEARCH_USER_PATHS = NO;
				ASSETCATALOG_COMPILER_GENERATE_SWIFT_ASSET_SYMBOL_EXTENSIONS = YES;
				CLANG_ANALYZER_NONNULL = YES;
				CLANG_ANALYZER_NUMBER_OBJECT_CONVERSION = YES_AGGRESSIVE;
				CLANG_CXX_LANGUAGE_STANDARD = "gnu++20";
				CLANG_ENABLE_MODULES = YES;
				CLANG_ENABLE_OBJC_ARC = YES;
				CLANG_ENABLE_OBJC_WEAK = YES;
				CLANG_WARN_BLOCK_CAPTURE_AUTORELEASING = YES;
				CLANG_WARN_BOOL_CONVERSION = YES;
				CLANG_WARN_COMMA = YES;
				CLANG_WARN_CONSTANT_CONVERSION = YES;
				CLANG_WARN_DEPRECATED_OBJC_IMPLEMENTATIONS = YES;
				CLANG_WARN_DIRECT_OBJC_ISA_USAGE = YES_ERROR;
				CLANG_WARN_DOCUMENTATION_COMMENTS = YES;
				CLANG_WARN_EMPTY_BODY = YES;
				CLANG_WARN_ENUM_CONVERSION = YES;
				CLANG_WARN_INFINITE_RECURSION = YES;
				CLANG_WARN_INT_CONVERSION = YES;
				CLANG_WARN_NON_LITERAL_NULL_CONVERSION = YES;
				CLANG_WARN_OBJC_IMPLICIT_RETAIN_SELF = YES;
				CLANG_WARN_OBJC_LITERAL_CONVERSION = YES;
				CLANG_WARN_OBJC_ROOT_CLASS = YES_ERROR;
				CLANG_WARN_QUOTED_INCLUDE_IN_FRAMEWORK_HEADER = YES;
				CLANG_WARN_RANGE_LOOP_ANALYSIS = YES;
				CLANG_WARN_STRICT_PROTOTYPES = YES;
				CLANG_WARN_SUSPICIOUS_MOVE = YES;
				CLANG_WARN_UNGUARDED_AVAILABILITY = YES_AGGRESSIVE;
				CLANG_WARN_UNREACHABLE_CODE = YES;
				CLANG_WARN__DUPLICATE_METHOD_MATCH = YES;
				COPY_PHASE_STRIP = NO;
				DEBUG_INFORMATION_FORMAT = "dwarf-with-dsym";
				ENABLE_NS_ASSERTIONS = NO;
				ENABLE_STRICT_OBJC_MSGSEND = YES;
				ENABLE_USER_SCRIPT_SANDBOXING = YES;
				GCC_C_LANGUAGE_STANDARD = gnu17;
				GCC_NO_COMMON_BLOCKS = YES;
				GCC_WARN_64_TO_32_BIT_CONVERSION = YES;
				GCC_WARN_ABOUT_RETURN_TYPE = YES_ERROR;
				GCC_WARN_UNDECLARED_SELECTOR = YES;
				GCC_WARN_UNINITIALIZED_AUTOS = YES_AGGRESSIVE;
				GCC_WARN_UNUSED_FUNCTION = YES;
				GCC_WARN_UNUSED_VARIABLE = YES;
				IPHONEOS_DEPLOYMENT_TARGET = 17.5;
				LOCALIZATION_PREFERS_STRING_CATALOGS = YES;
				MTL_ENABLE_DEBUG_INFO = NO;
				MTL_FAST_MATH = YES;
				SDKROOT = iphoneos;
				SWIFT_COMPILATION_MODE = wholemodule;
				VALIDATE_PRODUCT = YES;
			};
			name = Release;
		};
		22C97DD12CC924510096A6AD /* Debug */ = {
			isa = XCBuildConfiguration;
			buildSettings = {
				ASSETCATALOG_COMPILER_APPICON_NAME = AppIcon;
				ASSETCATALOG_COMPILER_GLOBAL_ACCENT_COLOR_NAME = AccentColor;
				CODE_SIGN_STYLE = Automatic;
				CURRENT_PROJECT_VERSION = 1;
				DEVELOPMENT_TEAM = 9U7FVWW6CS;
				GENERATE_INFOPLIST_FILE = YES;
				INFOPLIST_FILE = TennisScoring/Info.plist;
				INFOPLIST_KEY_UIApplicationSupportsIndirectInputEvents = YES;
				INFOPLIST_KEY_UILaunchStoryboardName = LaunchScreen;
				INFOPLIST_KEY_UIMainStoryboardFile = Main;
				INFOPLIST_KEY_UISupportedInterfaceOrientations_iPad = "UIInterfaceOrientationPortrait UIInterfaceOrientationPortraitUpsideDown UIInterfaceOrientationLandscapeLeft UIInterfaceOrientationLandscapeRight";
				INFOPLIST_KEY_UISupportedInterfaceOrientations_iPhone = "UIInterfaceOrientationPortrait UIInterfaceOrientationLandscapeLeft UIInterfaceOrientationLandscapeRight";
				LD_RUNPATH_SEARCH_PATHS = (
					"$(inherited)",
					"@executable_path/Frameworks",
				);
				MARKETING_VERSION = 1.0;
				PRODUCT_BUNDLE_IDENTIFIER = clc.TennisScoring;
				PRODUCT_NAME = "$(TARGET_NAME)";
				SWIFT_EMIT_LOC_STRINGS = YES;
				SWIFT_VERSION = 5.0;
				TARGETED_DEVICE_FAMILY = "1,2";
			};
			name = Debug;
		};
		22C97DD22CC924510096A6AD /* Release */ = {
			isa = XCBuildConfiguration;
			buildSettings = {
				ASSETCATALOG_COMPILER_APPICON_NAME = AppIcon;
				ASSETCATALOG_COMPILER_GLOBAL_ACCENT_COLOR_NAME = AccentColor;
				CODE_SIGN_STYLE = Automatic;
				CURRENT_PROJECT_VERSION = 1;
				DEVELOPMENT_TEAM = 9U7FVWW6CS;
				GENERATE_INFOPLIST_FILE = YES;
				INFOPLIST_FILE = TennisScoring/Info.plist;
				INFOPLIST_KEY_UIApplicationSupportsIndirectInputEvents = YES;
				INFOPLIST_KEY_UILaunchStoryboardName = LaunchScreen;
				INFOPLIST_KEY_UIMainStoryboardFile = Main;
				INFOPLIST_KEY_UISupportedInterfaceOrientations_iPad = "UIInterfaceOrientationPortrait UIInterfaceOrientationPortraitUpsideDown UIInterfaceOrientationLandscapeLeft UIInterfaceOrientationLandscapeRight";
				INFOPLIST_KEY_UISupportedInterfaceOrientations_iPhone = "UIInterfaceOrientationPortrait UIInterfaceOrientationLandscapeLeft UIInterfaceOrientationLandscapeRight";
				LD_RUNPATH_SEARCH_PATHS = (
					"$(inherited)",
					"@executable_path/Frameworks",
				);
				MARKETING_VERSION = 1.0;
				PRODUCT_BUNDLE_IDENTIFIER = clc.TennisScoring;
				PRODUCT_NAME = "$(TARGET_NAME)";
				SWIFT_EMIT_LOC_STRINGS = YES;
				SWIFT_VERSION = 5.0;
				TARGETED_DEVICE_FAMILY = "1,2";
			};
			name = Release;
		};
/* End XCBuildConfiguration section */

/* Begin XCConfigurationList section */
		22C97DB42CC924500096A6AD /* Build configuration list for PBXProject "TennisScoring" */ = {
			isa = XCConfigurationList;
			buildConfigurations = (
				22C97DCE2CC924510096A6AD /* Debug */,
				22C97DCF2CC924510096A6AD /* Release */,
			);
			defaultConfigurationIsVisible = 0;
			defaultConfigurationName = Release;
		};
		22C97DD02CC924510096A6AD /* Build configuration list for PBXNativeTarget "TennisScoring" */ = {
			isa = XCConfigurationList;
			buildConfigurations = (
				22C97DD12CC924510096A6AD /* Debug */,
				22C97DD22CC924510096A6AD /* Release */,
			);
			defaultConfigurationIsVisible = 0;
			defaultConfigurationName = Release;
		};
/* End XCConfigurationList section */

/* Begin XCVersionGroup section */
		22C97DC52CC924500096A6AD /* TennisScoring.xcdatamodeld */ = {
			isa = XCVersionGroup;
			children = (
				22C97DC62CC924500096A6AD /* TennisScoring.xcdatamodel */,
			);
			currentVersion = 22C97DC62CC924500096A6AD /* TennisScoring.xcdatamodel */;
			path = TennisScoring.xcdatamodeld;
			sourceTree = "<group>";
			versionGroupType = wrapper.xcdatamodel;
		};
/* End XCVersionGroup section */
	};
	rootObject = 22C97DB12CC924500096A6AD /* Project object */;
}
